
Microsoft Visual Studio Solution File, Format Version 12.00
# Visual Studio Version 17
VisualStudioVersion = 17.12.35707.178 d17.12
MinimumVisualStudioVersion = 10.0.40219.1
Project("{2150E333-8FDC-42A3-9474-1A3956D46DE8}") = "Frontend", "Frontend", "{DA682228-2335-4272-968D-56CB653FF120}"
EndProject
Project("{2150E333-8FDC-42A3-9474-1A3956D46DE8}") = "Backend", "Backend", "{E7F33F1A-10A1-4847-97E9-08E59866795F}"
EndProject
Project("{FAE04EC0-301F-11D3-BF4B-00C04F79EFBC}") = "Client.Management.App.Api", "Client.Management.App.Api\Client.Management.App.Api.csproj", "{53093AB6-C860-47E5-9CC5-96DEB6046ACA}"
EndProject
Project("{FAE04EC0-301F-11D3-BF4B-00C04F79EFBC}") = "Client.Management.App.Web", "Client.Management.App.Web\Client.Management.App.Web.csproj", "{56F1290F-4BC9-47B2-AC00-F3EDB3F952B2}"
EndProject
Project("{FAE04EC0-301F-11D3-BF4B-00C04F79EFBC}") = "Client.Management.App.Tests", "Client.Management.App.Tests\Client.Management.App.Tests.csproj", "{A5BCD2D2-AA5F-41CE-B301-D0CD1CBC4641}"
EndProject
Global
	GlobalSection(SolutionConfigurationPlatforms) = preSolution
		Debug|Any CPU = Debug|Any CPU
		Release|Any CPU = Release|Any CPU
	EndGlobalSection
	GlobalSection(ProjectConfigurationPlatforms) = postSolution
		{53093AB6-C860-47E5-9CC5-96DEB6046ACA}.Debug|Any CPU.ActiveCfg = Debug|Any CPU
		{53093AB6-C860-47E5-9CC5-96DEB6046ACA}.Debug|Any CPU.Build.0 = Debug|Any CPU
		{53093AB6-C860-47E5-9CC5-96DEB6046ACA}.Release|Any CPU.ActiveCfg = Release|Any CPU
		{53093AB6-C860-47E5-9CC5-96DEB6046ACA}.Release|Any CPU.Build.0 = Release|Any CPU
		{56F1290F-4BC9-47B2-AC00-F3EDB3F952B2}.Debug|Any CPU.ActiveCfg = Debug|Any CPU
		{56F1290F-4BC9-47B2-AC00-F3EDB3F952B2}.Debug|Any CPU.Build.0 = Debug|Any CPU
		{56F1290F-4BC9-47B2-AC00-F3EDB3F952B2}.Release|Any CPU.ActiveCfg = Release|Any CPU
		{56F1290F-4BC9-47B2-AC00-F3EDB3F952B2}.Release|Any CPU.Build.0 = Release|Any CPU
		{A5BCD2D2-AA5F-41CE-B301-D0CD1CBC4641}.Debug|Any CPU.ActiveCfg = Debug|Any CPU
		{A5BCD2D2-AA5F-41CE-B301-D0CD1CBC4641}.Debug|Any CPU.Build.0 = Debug|Any CPU
		{A5BCD2D2-AA5F-41CE-B301-D0CD1CBC4641}.Release|Any CPU.ActiveCfg = Release|Any CPU
		{A5BCD2D2-AA5F-41CE-B301-D0CD1CBC4641}.Release|Any CPU.Build.0 = Release|Any CPU
	EndGlobalSection
	GlobalSection(SolutionProperties) = preSolution
		HideSolutionNode = FALSE
	EndGlobalSection
	GlobalSection(NestedProjects) = preSolution
		{53093AB6-C860-47E5-9CC5-96DEB6046ACA} = {E7F33F1A-10A1-4847-97E9-08E59866795F}
		{56F1290F-4BC9-47B2-AC00-F3EDB3F952B2} = {DA682228-2335-4272-968D-56CB653FF120}
		{A5BCD2D2-AA5F-41CE-B301-D0CD1CBC4641} = {E7F33F1A-10A1-4847-97E9-08E59866795F}
	EndGlobalSection
EndGlobal
